{
  "name": "node_uareu",
  "version": "1.0.0",
  "lockfileVersion": 1,
  "requires": true,
  "dependencies": {
    "@types/node": {
      "version": "12.6.2",
      "resolved": "https://registry.npmjs.org/@types/node/-/node-12.6.2.tgz",
      "integrity": "sha512-gojym4tX0FWeV2gsW4Xmzo5wxGjXGm550oVUII7f7G5o4BV6c7DBdiG1RRQd+y1bvqRyYtPfMK85UM95vsapqQ=="
    },
    "bindings": {
      "version": "1.5.0",
      "resolved": "https://registry.npmjs.org/bindings/-/bindings-1.5.0.tgz",
      "integrity": "sha512-p2q/t/mhvuOj/UeLlV6566GD/guowlr0hHxClI0W9m7MWYkL1F0hLo+0Aexs9HSPCtR1SXQ0TD3MMKrXZajbiQ==",
      "requires": {
        "file-uri-to-path": "1.0.0"
      }
    },
    "buffer-image-size": {
      "version": "0.6.4",
      "resolved": "https://registry.npmjs.org/buffer-image-size/-/buffer-image-size-0.6.4.tgz",
      "integrity": "sha512-nEh+kZOPY1w+gcCMobZ6ETUp9WfibndnosbpwB1iJk/8Gt5ZF2bhS6+B6bPYz424KtwsR6Rflc3tCz1/ghX2dQ==",
      "requires": {
        "@types/node": "*"
      }
    },
    "fast-xml-parser": {
      "version": "3.12.19",
      "resolved": "https://registry.npmjs.org/fast-xml-parser/-/fast-xml-parser-3.12.19.tgz",
      "integrity": "sha512-DB93FtI9FCn4DDxjDSFW91vdAo+Y1La6jNDRxKCO3F4WxyodeHtXo/HwWum/Qy/XunTdXEAdwiSVYAFvHeJOIw==",
      "requires": {
        "nimnjs": "^1.3.2"
      }
    },
    "file-uri-to-path": {
      "version": "1.0.0",
      "resolved": "https://registry.npmjs.org/file-uri-to-path/-/file-uri-to-path-1.0.0.tgz",
      "integrity": "sha512-0Zt+s3L7Vf1biwWZ29aARiVYLx7iMGnEUl9x33fbB/j3jR81u/O2LbqK+Bm1CDSNDKVtJ/YjwY7TUd5SkeLQLw=="
    },
    "nan": {
      "version": "2.14.0",
      "resolved": "https://registry.npmjs.org/nan/-/nan-2.14.0.tgz",
      "integrity": "sha512-INOFj37C7k3AfaNTtX8RhsTw7qRy7eLET14cROi9+5HAVbbHuIWUHEauBv5qT4Av2tWasiTY1Jw6puUNqRJXQg=="
    },
    "nimn-date-parser": {
      "version": "1.0.0",
      "resolved": "https://registry.npmjs.org/nimn-date-parser/-/nimn-date-parser-1.0.0.tgz",
      "integrity": "sha512-1Nf+x3EeMvHUiHsVuEhiZnwA8RMeOBVTQWfB1S2n9+i6PYCofHd2HRMD+WOHIHYshy4T4Gk8wQoCol7Hq3av8Q=="
    },
    "nimn_schema_builder": {
      "version": "1.1.0",
      "resolved": "https://registry.npmjs.org/nimn_schema_builder/-/nimn_schema_builder-1.1.0.tgz",
      "integrity": "sha512-DK5/B8CM4qwzG2URy130avcwPev4uO0ev836FbQyKo1ms6I9z/i6EJyiZ+d9xtgloxUri0W+5gfR8YbPq7SheA=="
    },
    "nimnjs": {
      "version": "1.3.2",
      "resolved": "https://registry.npmjs.org/nimnjs/-/nimnjs-1.3.2.tgz",
      "integrity": "sha512-TIOtI4iqkQrUM1tiM76AtTQem0c7e56SkDZ7sj1d1MfUsqRcq2ZWQvej/O+HBTZV7u/VKnwlKTDugK/75IRPPw==",
      "requires": {
        "nimn-date-parser": "^1.0.0",
        "nimn_schema_builder": "^1.0.0"
      }
    },
    "sax": {
      "version": "1.2.4",
      "resolved": "https://registry.npmjs.org/sax/-/sax-1.2.4.tgz",
      "integrity": "sha512-NqVDv9TpANUjFm0N8uM5GxL36UgKi9/atZw+x7YFnQ8ckwFGKrl4xX4yWtrey3UJm5nP1kUbnYgLopqWNSRhWw=="
    },
    "xml2js": {
      "version": "0.4.19",
      "resolved": "https://registry.npmjs.org/xml2js/-/xml2js-0.4.19.tgz",
      "integrity": "sha512-esZnJZJOiJR9wWKMyuvSE1y6Dq5LCuJanqhxslH2bxM6duahNZ+HMpCLhBQGZkbX6xRf8x1Y2eJlgt2q3qo49Q==",
      "requires": {
        "sax": ">=0.6.0",
        "xmlbuilder": "~9.0.1"
      }
    },
    "xmlbuilder": {
      "version": "9.0.7",
      "resolved": "https://registry.npmjs.org/xmlbuilder/-/xmlbuilder-9.0.7.tgz",
      "integrity": "sha1-Ey7mPS7FVlxVfiD0wi35rKaGsQ0="
    },
    "zlib": {
      "version": "1.0.5",
      "resolved": "https://registry.npmjs.org/zlib/-/zlib-1.0.5.tgz",
      "integrity": "sha1-bnyXL8NxxkWmr7A6sUdp3vEU/MA="
    }
  }
}
